
Microsoft Visual Studio Solution File, Format Version 12.00
# Visual Studio Version 17
VisualStudioVersion = 17.4.33213.308
MinimumVisualStudioVersion = 10.0.40219.1
Project("{8BC9CEB8-8B4A-11D0-8D11-00A0C91BC942}") = "01", "01\01.vcxproj", "{23DA1844-DFEA-406F-99B5-E03FB155CDD1}"
EndProject
Project("{8BC9CEB8-8B4A-11D0-8D11-00A0C91BC942}") = "02", "02\02.vcxproj", "{84A7670B-B5A9-482C-8CF2-65C3C5D484C7}"
EndProject
Project("{8BC9CEB8-8B4A-11D0-8D11-00A0C91BC942}") = "03", "03\03.vcxproj", "{81544198-999E-4CD6-B975-6EB1E242B16E}"
EndProject
Project("{8BC9CEB8-8B4A-11D0-8D11-00A0C91BC942}") = "04", "04\04.vcxproj", "{91D4069E-FBDE-4360-A5F4-608B01F3A666}"
EndProject
Project("{8BC9CEB8-8B4A-11D0-8D11-00A0C91BC942}") = "05", "05\05.vcxproj", "{9232D3E3-F050-4A10-873D-745A54EBB7A0}"
EndProject
Project("{8BC9CEB8-8B4A-11D0-8D11-00A0C91BC942}") = "06", "06\06.vcxproj", "{0019B4AE-511F-4B96-BFAE-BD6DCDD72003}"
EndProject
Project("{8BC9CEB8-8B4A-11D0-8D11-00A0C91BC942}") = "07", "07\07.vcxproj", "{DA276CEA-21A7-44F1-969F-DC2635BABAE1}"
EndProject
Project("{8BC9CEB8-8B4A-11D0-8D11-00A0C91BC942}") = "08", "08\08.vcxproj", "{31FEA192-877C-4AEC-B267-196AC9AF610E}"
EndProject
Project("{8BC9CEB8-8B4A-11D0-8D11-00A0C91BC942}") = "09", "09\09.vcxproj", "{78C6932A-2EFF-4794-AFAA-22E802BD6E09}"
EndProject
Project("{8BC9CEB8-8B4A-11D0-8D11-00A0C91BC942}") = "10", "10\10.vcxproj", "{4EB15FFB-0A44-4DAB-A6EE-64C9DD30CD3F}"
EndProject
Project("{8BC9CEB8-8B4A-11D0-8D11-00A0C91BC942}") = "11", "11\11.vcxproj", "{8056EE24-F042-4701-BFB7-01CC4FA69226}"
EndProject
Project("{8BC9CEB8-8B4A-11D0-8D11-00A0C91BC942}") = "12", "12\12.vcxproj", "{B6491385-22EE-4ABC-B354-B4D9E9D8983E}"
EndProject
Project("{8BC9CEB8-8B4A-11D0-8D11-00A0C91BC942}") = "13", "13\13.vcxproj", "{91CCE528-23DD-4CD9-BEC0-03799C3E6D72}"
EndProject
Project("{8BC9CEB8-8B4A-11D0-8D11-00A0C91BC942}") = "14", "14\14.vcxproj", "{0B03DAFD-7631-4EDD-9ED8-5B32A6265ECB}"
EndProject
Project("{8BC9CEB8-8B4A-11D0-8D11-00A0C91BC942}") = "15", "15\15.vcxproj", "{A64452AA-9998-483B-9720-2E5CE3B5F3B7}"
EndProject
Project("{8BC9CEB8-8B4A-11D0-8D11-00A0C91BC942}") = "16", "16\16.vcxproj", "{DBC156D7-3FBF-4C11-B4AC-4356A14CAD17}"
EndProject
Project("{8BC9CEB8-8B4A-11D0-8D11-00A0C91BC942}") = "17", "17\17.vcxproj", "{70DC1391-9CB2-4660-B4D6-B0F8E40C2F7F}"
EndProject
Project("{8BC9CEB8-8B4A-11D0-8D11-00A0C91BC942}") = "18", "18\18.vcxproj", "{2A68B304-2143-4260-985C-2E42A63AAFF8}"
EndProject
Project("{8BC9CEB8-8B4A-11D0-8D11-00A0C91BC942}") = "19", "19\19.vcxproj", "{55287B55-6F05-495C-BEFE-062D06358221}"
EndProject
Project("{8BC9CEB8-8B4A-11D0-8D11-00A0C91BC942}") = "20", "20\20.vcxproj", "{C5C7C30F-7F94-4D6A-A5EA-B691D3C613DF}"
EndProject
Project("{8BC9CEB8-8B4A-11D0-8D11-00A0C91BC942}") = "21", "21\21.vcxproj", "{70CB5865-FC1C-4E49-BE77-06FFC9CA6C49}"
EndProject
Project("{8BC9CEB8-8B4A-11D0-8D11-00A0C91BC942}") = "22", "22\22.vcxproj", "{778BBA24-AB1C-4B06-8A30-423BA6F01AE4}"
EndProject
Project("{8BC9CEB8-8B4A-11D0-8D11-00A0C91BC942}") = "23", "23\23.vcxproj", "{B31A0911-6496-4E43-8E7E-6B3C2B733080}"
EndProject
Project("{8BC9CEB8-8B4A-11D0-8D11-00A0C91BC942}") = "24", "24\24.vcxproj", "{E8B2DA88-C88A-4492-820A-1B9BCB4D70D5}"
EndProject
Project("{8BC9CEB8-8B4A-11D0-8D11-00A0C91BC942}") = "25", "25\25.vcxproj", "{C53334ED-228F-42F8-AA0B-5BDAABD699F4}"
EndProject
Project("{8BC9CEB8-8B4A-11D0-8D11-00A0C91BC942}") = "26", "26\26.vcxproj", "{9470D7F4-863C-466B-90E9-F792FC9D4238}"
EndProject
Project("{8BC9CEB8-8B4A-11D0-8D11-00A0C91BC942}") = "27", "27\27.vcxproj", "{6FCED83E-6D3B-497F-A027-59D0C8251949}"
EndProject
Project("{8BC9CEB8-8B4A-11D0-8D11-00A0C91BC942}") = "28", "28\28.vcxproj", "{0706D5EB-6418-408D-80F2-3B820174B3AB}"
EndProject
Project("{8BC9CEB8-8B4A-11D0-8D11-00A0C91BC942}") = "29", "29\29.vcxproj", "{9BEA0C93-752F-4695-A2F3-AA0EBD6014A5}"
EndProject
Project("{8BC9CEB8-8B4A-11D0-8D11-00A0C91BC942}") = "30", "30\30.vcxproj", "{FC7E2436-1F28-456F-AA3B-0496B6972F04}"
EndProject
Project("{8BC9CEB8-8B4A-11D0-8D11-00A0C91BC942}") = "31", "31\31.vcxproj", "{4442B479-86AE-4DC1-B5BF-4011E970EB49}"
EndProject
Project("{8BC9CEB8-8B4A-11D0-8D11-00A0C91BC942}") = "32", "32\32.vcxproj", "{CDCE0565-8027-4E04-B967-827D61F93329}"
EndProject
Project("{8BC9CEB8-8B4A-11D0-8D11-00A0C91BC942}") = "33", "33\33.vcxproj", "{FE420773-AE50-4066-88A1-BFF47BB667ED}"
EndProject
Project("{8BC9CEB8-8B4A-11D0-8D11-00A0C91BC942}") = "34", "34\34.vcxproj", "{6437E14F-EB74-44CA-ABC8-C6E534DFE2BA}"
EndProject
Project("{8BC9CEB8-8B4A-11D0-8D11-00A0C91BC942}") = "35", "35\35.vcxproj", "{B807892B-029C-4379-AC1E-724D0934C189}"
EndProject
Project("{8BC9CEB8-8B4A-11D0-8D11-00A0C91BC942}") = "36", "36\36.vcxproj", "{848DB777-284F-4ACA-AB21-2F28E53A9118}"
EndProject
Project("{8BC9CEB8-8B4A-11D0-8D11-00A0C91BC942}") = "37", "37\37.vcxproj", "{45F93D4A-A386-4E75-81D6-C63AAB248DE2}"
EndProject
Project("{8BC9CEB8-8B4A-11D0-8D11-00A0C91BC942}") = "38", "38\38.vcxproj", "{490A2214-FF67-47B5-83DE-2BC12F90C18E}"
EndProject
Project("{8BC9CEB8-8B4A-11D0-8D11-00A0C91BC942}") = "39", "39\39.vcxproj", "{B2DFDBBD-5764-47C4-962D-A4B918E8C825}"
EndProject
Project("{8BC9CEB8-8B4A-11D0-8D11-00A0C91BC942}") = "40", "40\40.vcxproj", "{639F2ECE-020A-4473-AD6A-1CB24CDC12D7}"
EndProject
Project("{8BC9CEB8-8B4A-11D0-8D11-00A0C91BC942}") = "41", "41\41.vcxproj", "{378DE1FD-0810-4CB3-B008-A602EFE4D8F4}"
EndProject
Project("{8BC9CEB8-8B4A-11D0-8D11-00A0C91BC942}") = "42", "42\42.vcxproj", "{9E0A0192-969B-441A-81BD-74BCCAB41D9E}"
EndProject
Project("{8BC9CEB8-8B4A-11D0-8D11-00A0C91BC942}") = "43", "43\43.vcxproj", "{2766DBB0-FFC6-495E-8D1C-FB378E29B64C}"
EndProject
Project("{8BC9CEB8-8B4A-11D0-8D11-00A0C91BC942}") = "44", "44\44.vcxproj", "{3746CC06-8674-447F-B868-721B8D6CD88D}"
EndProject
Project("{8BC9CEB8-8B4A-11D0-8D11-00A0C91BC942}") = "45", "45\45.vcxproj", "{484A0B45-AB54-435D-A294-E4483D1B2023}"
EndProject
Project("{8BC9CEB8-8B4A-11D0-8D11-00A0C91BC942}") = "46", "46\46.vcxproj", "{59E6F0CA-BA2D-4607-B28B-16B62888AFA4}"
EndProject
Project("{8BC9CEB8-8B4A-11D0-8D11-00A0C91BC942}") = "47", "47\47.vcxproj", "{BB98E101-B7E9-459C-A9D7-EA158B7EAD77}"
EndProject
Project("{8BC9CEB8-8B4A-11D0-8D11-00A0C91BC942}") = "48", "48\48.vcxproj", "{5D7B2597-EC5C-4F08-8866-4D04FC3D9393}"
EndProject
Project("{8BC9CEB8-8B4A-11D0-8D11-00A0C91BC942}") = "49", "49\49.vcxproj", "{E057A0CD-59BF-4BE7-8376-4AD2DEF9E507}"
EndProject
Project("{8BC9CEB8-8B4A-11D0-8D11-00A0C91BC942}") = "50", "50\50.vcxproj", "{0F9600F6-0E10-4B5C-BBDB-3C2F9F224D81}"
EndProject
Project("{8BC9CEB8-8B4A-11D0-8D11-00A0C91BC942}") = "51", "51\51.vcxproj", "{35274810-60DC-4C95-A906-4621835BD608}"
EndProject
Project("{8BC9CEB8-8B4A-11D0-8D11-00A0C91BC942}") = "52", "52\52.vcxproj", "{A0162B8F-9ED9-445C-923D-596294C44B81}"
EndProject
Project("{8BC9CEB8-8B4A-11D0-8D11-00A0C91BC942}") = "53", "53\53.vcxproj", "{257D505F-CE50-458A-9EA0-DA850C6CC4B3}"
EndProject
Project("{8BC9CEB8-8B4A-11D0-8D11-00A0C91BC942}") = "54", "54\54.vcxproj", "{D7EA6A8E-7A57-4B9B-9A3A-1676B883F15B}"
EndProject
Project("{8BC9CEB8-8B4A-11D0-8D11-00A0C91BC942}") = "55", "55\55.vcxproj", "{945DF0AA-BB0C-45EF-A6A3-9B0472600946}"
EndProject
Project("{8BC9CEB8-8B4A-11D0-8D11-00A0C91BC942}") = "56", "56\56.vcxproj", "{EE1A6455-65F3-40D8-811C-744AE3CD66B3}"
EndProject
Project("{8BC9CEB8-8B4A-11D0-8D11-00A0C91BC942}") = "57", "57\57.vcxproj", "{7DB997B2-F863-4FC7-87C6-224C22D70308}"
EndProject
Project("{8BC9CEB8-8B4A-11D0-8D11-00A0C91BC942}") = "58", "58\58.vcxproj", "{CE3CAEDA-56DA-40B5-906C-364AF0A5482E}"
EndProject
Project("{8BC9CEB8-8B4A-11D0-8D11-00A0C91BC942}") = "59", "59\59.vcxproj", "{EB8DA762-F8B3-4ABC-BD67-81B47547800F}"
EndProject
Project("{8BC9CEB8-8B4A-11D0-8D11-00A0C91BC942}") = "60", "60\60.vcxproj", "{7FD105D4-30E7-4736-92D6-CFFC22A3DD4E}"
EndProject
Global
	GlobalSection(SolutionConfigurationPlatforms) = preSolution
		Debug|x64 = Debug|x64
		Debug|x86 = Debug|x86
		Release|x64 = Release|x64
		Release|x86 = Release|x86
	EndGlobalSection
	GlobalSection(ProjectConfigurationPlatforms) = postSolution
		{23DA1844-DFEA-406F-99B5-E03FB155CDD1}.Debug|x64.ActiveCfg = Debug|x64
		{23DA1844-DFEA-406F-99B5-E03FB155CDD1}.Debug|x64.Build.0 = Debug|x64
		{23DA1844-DFEA-406F-99B5-E03FB155CDD1}.Debug|x86.ActiveCfg = Debug|Win32
		{23DA1844-DFEA-406F-99B5-E03FB155CDD1}.Debug|x86.Build.0 = Debug|Win32
		{23DA1844-DFEA-406F-99B5-E03FB155CDD1}.Release|x64.ActiveCfg = Release|x64
		{23DA1844-DFEA-406F-99B5-E03FB155CDD1}.Release|x64.Build.0 = Release|x64
		{23DA1844-DFEA-406F-99B5-E03FB155CDD1}.Release|x86.ActiveCfg = Release|Win32
		{23DA1844-DFEA-406F-99B5-E03FB155CDD1}.Release|x86.Build.0 = Release|Win32
		{84A7670B-B5A9-482C-8CF2-65C3C5D484C7}.Debug|x64.ActiveCfg = Debug|x64
		{84A7670B-B5A9-482C-8CF2-65C3C5D484C7}.Debug|x64.Build.0 = Debug|x64
		{84A7670B-B5A9-482C-8CF2-65C3C5D484C7}.Debug|x86.ActiveCfg = Debug|Win32
		{84A7670B-B5A9-482C-8CF2-65C3C5D484C7}.Debug|x86.Build.0 = Debug|Win32
		{84A7670B-B5A9-482C-8CF2-65C3C5D484C7}.Release|x64.ActiveCfg = Release|x64
		{84A7670B-B5A9-482C-8CF2-65C3C5D484C7}.Release|x64.Build.0 = Release|x64
		{84A7670B-B5A9-482C-8CF2-65C3C5D484C7}.Release|x86.ActiveCfg = Release|Win32
		{84A7670B-B5A9-482C-8CF2-65C3C5D484C7}.Release|x86.Build.0 = Release|Win32
		{4442B479-86AE-4DC1-B5BF-4011E970EB49}.Debug|x64.ActiveCfg = Debug|x64
		{4442B479-86AE-4DC1-B5BF-4011E970EB49}.Debug|x64.Build.0 = Debug|x64
		{4442B479-86AE-4DC1-B5BF-4011E970EB49}.Debug|x86.ActiveCfg = Debug|Win32
		{4442B479-86AE-4DC1-B5BF-4011E970EB49}.Debug|x86.Build.0 = Debug|Win32
		{4442B479-86AE-4DC1-B5BF-4011E970EB49}.Release|x64.ActiveCfg = Release|x64
		{4442B479-86AE-4DC1-B5BF-4011E970EB49}.Release|x64.Build.0 = Release|x64
		{4442B479-86AE-4DC1-B5BF-4011E970EB49}.Release|x86.ActiveCfg = Release|Win32
		{4442B479-86AE-4DC1-B5BF-4011E970EB49}.Release|x86.Build.0 = Release|Win32
		{81544198-999E-4CD6-B975-6EB1E242B16E}.Debug|x64.ActiveCfg = Debug|x64
		{81544198-999E-4CD6-B975-6EB1E242B16E}.Debug|x64.Build.0 = Debug|x64
		{81544198-999E-4CD6-B975-6EB1E242B16E}.Debug|x86.ActiveCfg = Debug|Win32
		{81544198-999E-4CD6-B975-6EB1E242B16E}.Debug|x86.Build.0 = Debug|Win32
		{81544198-999E-4CD6-B975-6EB1E242B16E}.Release|x64.ActiveCfg = Release|x64
		{81544198-999E-4CD6-B975-6EB1E242B16E}.Release|x64.Build.0 = Release|x64
		{81544198-999E-4CD6-B975-6EB1E242B16E}.Release|x86.ActiveCfg = Release|Win32
		{81544198-999E-4CD6-B975-6EB1E242B16E}.Release|x86.Build.0 = Release|Win32
		{91D4069E-FBDE-4360-A5F4-608B01F3A666}.Debug|x64.ActiveCfg = Debug|x64
		{91D4069E-FBDE-4360-A5F4-608B01F3A666}.Debug|x64.Build.0 = Debug|x64
		{91D4069E-FBDE-4360-A5F4-608B01F3A666}.Debug|x86.ActiveCfg = Debug|Win32
		{91D4069E-FBDE-4360-A5F4-608B01F3A666}.Debug|x86.Build.0 = Debug|Win32
		{91D4069E-FBDE-4360-A5F4-608B01F3A666}.Release|x64.ActiveCfg = Release|x64
		{91D4069E-FBDE-4360-A5F4-608B01F3A666}.Release|x64.Build.0 = Release|x64
		{91D4069E-FBDE-4360-A5F4-608B01F3A666}.Release|x86.ActiveCfg = Release|Win32
		{91D4069E-FBDE-4360-A5F4-608B01F3A666}.Release|x86.Build.0 = Release|Win32
		{9232D3E3-F050-4A10-873D-745A54EBB7A0}.Debug|x64.ActiveCfg = Debug|x64
		{9232D3E3-F050-4A10-873D-745A54EBB7A0}.Debug|x64.Build.0 = Debug|x64
		{9232D3E3-F050-4A10-873D-745A54EBB7A0}.Debug|x86.ActiveCfg = Debug|Win32
		{9232D3E3-F050-4A10-873D-745A54EBB7A0}.Debug|x86.Build.0 = Debug|Win32
		{9232D3E3-F050-4A10-873D-745A54EBB7A0}.Release|x64.ActiveCfg = Release|x64
		{9232D3E3-F050-4A10-873D-745A54EBB7A0}.Release|x64.Build.0 = Release|x64
		{9232D3E3-F050-4A10-873D-745A54EBB7A0}.Release|x86.ActiveCfg = Release|Win32
		{9232D3E3-F050-4A10-873D-745A54EBB7A0}.Release|x86.Build.0 = Release|Win32
		{0019B4AE-511F-4B96-BFAE-BD6DCDD72003}.Debug|x64.ActiveCfg = Debug|x64
		{0019B4AE-511F-4B96-BFAE-BD6DCDD72003}.Debug|x64.Build.0 = Debug|x64
		{0019B4AE-511F-4B96-BFAE-BD6DCDD72003}.Debug|x86.ActiveCfg = Debug|Win32
		{0019B4AE-511F-4B96-BFAE-BD6DCDD72003}.Debug|x86.Build.0 = Debug|Win32
		{0019B4AE-511F-4B96-BFAE-BD6DCDD72003}.Release|x64.ActiveCfg = Release|x64
		{0019B4AE-511F-4B96-BFAE-BD6DCDD72003}.Release|x64.Build.0 = Release|x64
		{0019B4AE-511F-4B96-BFAE-BD6DCDD72003}.Release|x86.ActiveCfg = Release|Win32
		{0019B4AE-511F-4B96-BFAE-BD6DCDD72003}.Release|x86.Build.0 = Release|Win32
		{DA276CEA-21A7-44F1-969F-DC2635BABAE1}.Debug|x64.ActiveCfg = Debug|x64
		{DA276CEA-21A7-44F1-969F-DC2635BABAE1}.Debug|x64.Build.0 = Debug|x64
		{DA276CEA-21A7-44F1-969F-DC2635BABAE1}.Debug|x86.ActiveCfg = Debug|Win32
		{DA276CEA-21A7-44F1-969F-DC2635BABAE1}.Debug|x86.Build.0 = Debug|Win32
		{DA276CEA-21A7-44F1-969F-DC2635BABAE1}.Release|x64.ActiveCfg = Release|x64
		{DA276CEA-21A7-44F1-969F-DC2635BABAE1}.Release|x64.Build.0 = Release|x64
		{DA276CEA-21A7-44F1-969F-DC2635BABAE1}.Release|x86.ActiveCfg = Release|Win32
		{DA276CEA-21A7-44F1-969F-DC2635BABAE1}.Release|x86.Build.0 = Release|Win32
		{31FEA192-877C-4AEC-B267-196AC9AF610E}.Debug|x64.ActiveCfg = Debug|x64
		{31FEA192-877C-4AEC-B267-196AC9AF610E}.Debug|x64.Build.0 = Debug|x64
		{31FEA192-877C-4AEC-B267-196AC9AF610E}.Debug|x86.ActiveCfg = Debug|Win32
		{31FEA192-877C-4AEC-B267-196AC9AF610E}.Debug|x86.Build.0 = Debug|Win32
		{31FEA192-877C-4AEC-B267-196AC9AF610E}.Release|x64.ActiveCfg = Release|x64
		{31FEA192-877C-4AEC-B267-196AC9AF610E}.Release|x64.Build.0 = Release|x64
		{31FEA192-877C-4AEC-B267-196AC9AF610E}.Release|x86.ActiveCfg = Release|Win32
		{31FEA192-877C-4AEC-B267-196AC9AF610E}.Release|x86.Build.0 = Release|Win32
		{78C6932A-2EFF-4794-AFAA-22E802BD6E09}.Debug|x64.ActiveCfg = Debug|x64
		{78C6932A-2EFF-4794-AFAA-22E802BD6E09}.Debug|x64.Build.0 = Debug|x64
		{78C6932A-2EFF-4794-AFAA-22E802BD6E09}.Debug|x86.ActiveCfg = Debug|Win32
		{78C6932A-2EFF-4794-AFAA-22E802BD6E09}.Debug|x86.Build.0 = Debug|Win32
		{78C6932A-2EFF-4794-AFAA-22E802BD6E09}.Release|x64.ActiveCfg = Release|x64
		{78C6932A-2EFF-4794-AFAA-22E802BD6E09}.Release|x64.Build.0 = Release|x64
		{78C6932A-2EFF-4794-AFAA-22E802BD6E09}.Release|x86.ActiveCfg = Release|Win32
		{78C6932A-2EFF-4794-AFAA-22E802BD6E09}.Release|x86.Build.0 = Release|Win32
		{4EB15FFB-0A44-4DAB-A6EE-64C9DD30CD3F}.Debug|x64.ActiveCfg = Debug|x64
		{4EB15FFB-0A44-4DAB-A6EE-64C9DD30CD3F}.Debug|x64.Build.0 = Debug|x64
		{4EB15FFB-0A44-4DAB-A6EE-64C9DD30CD3F}.Debug|x86.ActiveCfg = Debug|Win32
		{4EB15FFB-0A44-4DAB-A6EE-64C9DD30CD3F}.Debug|x86.Build.0 = Debug|Win32
		{4EB15FFB-0A44-4DAB-A6EE-64C9DD30CD3F}.Release|x64.ActiveCfg = Release|x64
		{4EB15FFB-0A44-4DAB-A6EE-64C9DD30CD3F}.Release|x64.Build.0 = Release|x64
		{4EB15FFB-0A44-4DAB-A6EE-64C9DD30CD3F}.Release|x86.ActiveCfg = Release|Win32
		{4EB15FFB-0A44-4DAB-A6EE-64C9DD30CD3F}.Release|x86.Build.0 = Release|Win32
		{8056EE24-F042-4701-BFB7-01CC4FA69226}.Debug|x64.ActiveCfg = Debug|x64
		{8056EE24-F042-4701-BFB7-01CC4FA69226}.Debug|x64.Build.0 = Debug|x64
		{8056EE24-F042-4701-BFB7-01CC4FA69226}.Debug|x86.ActiveCfg = Debug|Win32
		{8056EE24-F042-4701-BFB7-01CC4FA69226}.Debug|x86.Build.0 = Debug|Win32
		{8056EE24-F042-4701-BFB7-01CC4FA69226}.Release|x64.ActiveCfg = Release|x64
		{8056EE24-F042-4701-BFB7-01CC4FA69226}.Release|x64.Build.0 = Release|x64
		{8056EE24-F042-4701-BFB7-01CC4FA69226}.Release|x86.ActiveCfg = Release|Win32
		{8056EE24-F042-4701-BFB7-01CC4FA69226}.Release|x86.Build.0 = Release|Win32
		{B6491385-22EE-4ABC-B354-B4D9E9D8983E}.Debug|x64.ActiveCfg = Debug|x64
		{B6491385-22EE-4ABC-B354-B4D9E9D8983E}.Debug|x64.Build.0 = Debug|x64
		{B6491385-22EE-4ABC-B354-B4D9E9D8983E}.Debug|x86.ActiveCfg = Debug|Win32
		{B6491385-22EE-4ABC-B354-B4D9E9D8983E}.Debug|x86.Build.0 = Debug|Win32
		{B6491385-22EE-4ABC-B354-B4D9E9D8983E}.Release|x64.ActiveCfg = Release|x64
		{B6491385-22EE-4ABC-B354-B4D9E9D8983E}.Release|x64.Build.0 = Release|x64
		{B6491385-22EE-4ABC-B354-B4D9E9D8983E}.Release|x86.ActiveCfg = Release|Win32
		{B6491385-22EE-4ABC-B354-B4D9E9D8983E}.Release|x86.Build.0 = Release|Win32
		{91CCE528-23DD-4CD9-BEC0-03799C3E6D72}.Debug|x64.ActiveCfg = Debug|x64
		{91CCE528-23DD-4CD9-BEC0-03799C3E6D72}.Debug|x64.Build.0 = Debug|x64
		{91CCE528-23DD-4CD9-BEC0-03799C3E6D72}.Debug|x86.ActiveCfg = Debug|Win32
		{91CCE528-23DD-4CD9-BEC0-03799C3E6D72}.Debug|x86.Build.0 = Debug|Win32
		{91CCE528-23DD-4CD9-BEC0-03799C3E6D72}.Release|x64.ActiveCfg = Release|x64
		{91CCE528-23DD-4CD9-BEC0-03799C3E6D72}.Release|x64.Build.0 = Release|x64
		{91CCE528-23DD-4CD9-BEC0-03799C3E6D72}.Release|x86.ActiveCfg = Release|Win32
		{91CCE528-23DD-4CD9-BEC0-03799C3E6D72}.Release|x86.Build.0 = Release|Win32
		{0B03DAFD-7631-4EDD-9ED8-5B32A6265ECB}.Debug|x64.ActiveCfg = Debug|x64
		{0B03DAFD-7631-4EDD-9ED8-5B32A6265ECB}.Debug|x64.Build.0 = Debug|x64
		{0B03DAFD-7631-4EDD-9ED8-5B32A6265ECB}.Debug|x86.ActiveCfg = Debug|Win32
		{0B03DAFD-7631-4EDD-9ED8-5B32A6265ECB}.Debug|x86.Build.0 = Debug|Win32
		{0B03DAFD-7631-4EDD-9ED8-5B32A6265ECB}.Release|x64.ActiveCfg = Release|x64
		{0B03DAFD-7631-4EDD-9ED8-5B32A6265ECB}.Release|x64.Build.0 = Release|x64
		{0B03DAFD-7631-4EDD-9ED8-5B32A6265ECB}.Release|x86.ActiveCfg = Release|Win32
		{0B03DAFD-7631-4EDD-9ED8-5B32A6265ECB}.Release|x86.Build.0 = Release|Win32
		{A64452AA-9998-483B-9720-2E5CE3B5F3B7}.Debug|x64.ActiveCfg = Debug|x64
		{A64452AA-9998-483B-9720-2E5CE3B5F3B7}.Debug|x64.Build.0 = Debug|x64
		{A64452AA-9998-483B-9720-2E5CE3B5F3B7}.Debug|x86.ActiveCfg = Debug|Win32
		{A64452AA-9998-483B-9720-2E5CE3B5F3B7}.Debug|x86.Build.0 = Debug|Win32
		{A64452AA-9998-483B-9720-2E5CE3B5F3B7}.Release|x64.ActiveCfg = Release|x64
		{A64452AA-9998-483B-9720-2E5CE3B5F3B7}.Release|x64.Build.0 = Release|x64
		{A64452AA-9998-483B-9720-2E5CE3B5F3B7}.Release|x86.ActiveCfg = Release|Win32
		{A64452AA-9998-483B-9720-2E5CE3B5F3B7}.Release|x86.Build.0 = Release|Win32
		{DBC156D7-3FBF-4C11-B4AC-4356A14CAD17}.Debug|x64.ActiveCfg = Debug|x64
		{DBC156D7-3FBF-4C11-B4AC-4356A14CAD17}.Debug|x64.Build.0 = Debug|x64
		{DBC156D7-3FBF-4C11-B4AC-4356A14CAD17}.Debug|x86.ActiveCfg = Debug|Win32
		{DBC156D7-3FBF-4C11-B4AC-4356A14CAD17}.Debug|x86.Build.0 = Debug|Win32
		{DBC156D7-3FBF-4C11-B4AC-4356A14CAD17}.Release|x64.ActiveCfg = Release|x64
		{DBC156D7-3FBF-4C11-B4AC-4356A14CAD17}.Release|x64.Build.0 = Release|x64
		{DBC156D7-3FBF-4C11-B4AC-4356A14CAD17}.Release|x86.ActiveCfg = Release|Win32
		{DBC156D7-3FBF-4C11-B4AC-4356A14CAD17}.Release|x86.Build.0 = Release|Win32
		{70DC1391-9CB2-4660-B4D6-B0F8E40C2F7F}.Debug|x64.ActiveCfg = Debug|x64
		{70DC1391-9CB2-4660-B4D6-B0F8E40C2F7F}.Debug|x64.Build.0 = Debug|x64
		{70DC1391-9CB2-4660-B4D6-B0F8E40C2F7F}.Debug|x86.ActiveCfg = Debug|Win32
		{70DC1391-9CB2-4660-B4D6-B0F8E40C2F7F}.Debug|x86.Build.0 = Debug|Win32
		{70DC1391-9CB2-4660-B4D6-B0F8E40C2F7F}.Release|x64.ActiveCfg = Release|x64
		{70DC1391-9CB2-4660-B4D6-B0F8E40C2F7F}.Release|x64.Build.0 = Release|x64
		{70DC1391-9CB2-4660-B4D6-B0F8E40C2F7F}.Release|x86.ActiveCfg = Release|Win32
		{70DC1391-9CB2-4660-B4D6-B0F8E40C2F7F}.Release|x86.Build.0 = Release|Win32
		{2A68B304-2143-4260-985C-2E42A63AAFF8}.Debug|x64.ActiveCfg = Debug|x64
		{2A68B304-2143-4260-985C-2E42A63AAFF8}.Debug|x64.Build.0 = Debug|x64
		{2A68B304-2143-4260-985C-2E42A63AAFF8}.Debug|x86.ActiveCfg = Debug|Win32
		{2A68B304-2143-4260-985C-2E42A63AAFF8}.Debug|x86.Build.0 = Debug|Win32
		{2A68B304-2143-4260-985C-2E42A63AAFF8}.Release|x64.ActiveCfg = Release|x64
		{2A68B304-2143-4260-985C-2E42A63AAFF8}.Release|x64.Build.0 = Release|x64
		{2A68B304-2143-4260-985C-2E42A63AAFF8}.Release|x86.ActiveCfg = Release|Win32
		{2A68B304-2143-4260-985C-2E42A63AAFF8}.Release|x86.Build.0 = Release|Win32
		{55287B55-6F05-495C-BEFE-062D06358221}.Debug|x64.ActiveCfg = Debug|x64
		{55287B55-6F05-495C-BEFE-062D06358221}.Debug|x64.Build.0 = Debug|x64
		{55287B55-6F05-495C-BEFE-062D06358221}.Debug|x86.ActiveCfg = Debug|Win32
		{55287B55-6F05-495C-BEFE-062D06358221}.Debug|x86.Build.0 = Debug|Win32
		{55287B55-6F05-495C-BEFE-062D06358221}.Release|x64.ActiveCfg = Release|x64
		{55287B55-6F05-495C-BEFE-062D06358221}.Release|x64.Build.0 = Release|x64
		{55287B55-6F05-495C-BEFE-062D06358221}.Release|x86.ActiveCfg = Release|Win32
		{55287B55-6F05-495C-BEFE-062D06358221}.Release|x86.Build.0 = Release|Win32
		{C5C7C30F-7F94-4D6A-A5EA-B691D3C613DF}.Debug|x64.ActiveCfg = Debug|x64
		{C5C7C30F-7F94-4D6A-A5EA-B691D3C613DF}.Debug|x64.Build.0 = Debug|x64
		{C5C7C30F-7F94-4D6A-A5EA-B691D3C613DF}.Debug|x86.ActiveCfg = Debug|Win32
		{C5C7C30F-7F94-4D6A-A5EA-B691D3C613DF}.Debug|x86.Build.0 = Debug|Win32
		{C5C7C30F-7F94-4D6A-A5EA-B691D3C613DF}.Release|x64.ActiveCfg = Release|x64
		{C5C7C30F-7F94-4D6A-A5EA-B691D3C613DF}.Release|x64.Build.0 = Release|x64
		{C5C7C30F-7F94-4D6A-A5EA-B691D3C613DF}.Release|x86.ActiveCfg = Release|Win32
		{C5C7C30F-7F94-4D6A-A5EA-B691D3C613DF}.Release|x86.Build.0 = Release|Win32
		{70CB5865-FC1C-4E49-BE77-06FFC9CA6C49}.Debug|x64.ActiveCfg = Debug|x64
		{70CB5865-FC1C-4E49-BE77-06FFC9CA6C49}.Debug|x64.Build.0 = Debug|x64
		{70CB5865-FC1C-4E49-BE77-06FFC9CA6C49}.Debug|x86.ActiveCfg = Debug|Win32
		{70CB5865-FC1C-4E49-BE77-06FFC9CA6C49}.Debug|x86.Build.0 = Debug|Win32
		{70CB5865-FC1C-4E49-BE77-06FFC9CA6C49}.Release|x64.ActiveCfg = Release|x64
		{70CB5865-FC1C-4E49-BE77-06FFC9CA6C49}.Release|x64.Build.0 = Release|x64
		{70CB5865-FC1C-4E49-BE77-06FFC9CA6C49}.Release|x86.ActiveCfg = Release|Win32
		{70CB5865-FC1C-4E49-BE77-06FFC9CA6C49}.Release|x86.Build.0 = Release|Win32
		{778BBA24-AB1C-4B06-8A30-423BA6F01AE4}.Debug|x64.ActiveCfg = Debug|x64
		{778BBA24-AB1C-4B06-8A30-423BA6F01AE4}.Debug|x64.Build.0 = Debug|x64
		{778BBA24-AB1C-4B06-8A30-423BA6F01AE4}.Debug|x86.ActiveCfg = Debug|Win32
		{778BBA24-AB1C-4B06-8A30-423BA6F01AE4}.Debug|x86.Build.0 = Debug|Win32
		{778BBA24-AB1C-4B06-8A30-423BA6F01AE4}.Release|x64.ActiveCfg = Release|x64
		{778BBA24-AB1C-4B06-8A30-423BA6F01AE4}.Release|x64.Build.0 = Release|x64
		{778BBA24-AB1C-4B06-8A30-423BA6F01AE4}.Release|x86.ActiveCfg = Release|Win32
		{778BBA24-AB1C-4B06-8A30-423BA6F01AE4}.Release|x86.Build.0 = Release|Win32
		{B31A0911-6496-4E43-8E7E-6B3C2B733080}.Debug|x64.ActiveCfg = Debug|x64
		{B31A0911-6496-4E43-8E7E-6B3C2B733080}.Debug|x64.Build.0 = Debug|x64
		{B31A0911-6496-4E43-8E7E-6B3C2B733080}.Debug|x86.ActiveCfg = Debug|Win32
		{B31A0911-6496-4E43-8E7E-6B3C2B733080}.Debug|x86.Build.0 = Debug|Win32
		{B31A0911-6496-4E43-8E7E-6B3C2B733080}.Release|x64.ActiveCfg = Release|x64
		{B31A0911-6496-4E43-8E7E-6B3C2B733080}.Release|x64.Build.0 = Release|x64
		{B31A0911-6496-4E43-8E7E-6B3C2B733080}.Release|x86.ActiveCfg = Release|Win32
		{B31A0911-6496-4E43-8E7E-6B3C2B733080}.Release|x86.Build.0 = Release|Win32
		{E8B2DA88-C88A-4492-820A-1B9BCB4D70D5}.Debug|x64.ActiveCfg = Debug|x64
		{E8B2DA88-C88A-4492-820A-1B9BCB4D70D5}.Debug|x64.Build.0 = Debug|x64
		{E8B2DA88-C88A-4492-820A-1B9BCB4D70D5}.Debug|x86.ActiveCfg = Debug|Win32
		{E8B2DA88-C88A-4492-820A-1B9BCB4D70D5}.Debug|x86.Build.0 = Debug|Win32
		{E8B2DA88-C88A-4492-820A-1B9BCB4D70D5}.Release|x64.ActiveCfg = Release|x64
		{E8B2DA88-C88A-4492-820A-1B9BCB4D70D5}.Release|x64.Build.0 = Release|x64
		{E8B2DA88-C88A-4492-820A-1B9BCB4D70D5}.Release|x86.ActiveCfg = Release|Win32
		{E8B2DA88-C88A-4492-820A-1B9BCB4D70D5}.Release|x86.Build.0 = Release|Win32
		{C53334ED-228F-42F8-AA0B-5BDAABD699F4}.Debug|x64.ActiveCfg = Debug|x64
		{C53334ED-228F-42F8-AA0B-5BDAABD699F4}.Debug|x64.Build.0 = Debug|x64
		{C53334ED-228F-42F8-AA0B-5BDAABD699F4}.Debug|x86.ActiveCfg = Debug|Win32
		{C53334ED-228F-42F8-AA0B-5BDAABD699F4}.Debug|x86.Build.0 = Debug|Win32
		{C53334ED-228F-42F8-AA0B-5BDAABD699F4}.Release|x64.ActiveCfg = Release|x64
		{C53334ED-228F-42F8-AA0B-5BDAABD699F4}.Release|x64.Build.0 = Release|x64
		{C53334ED-228F-42F8-AA0B-5BDAABD699F4}.Release|x86.ActiveCfg = Release|Win32
		{C53334ED-228F-42F8-AA0B-5BDAABD699F4}.Release|x86.Build.0 = Release|Win32
		{9470D7F4-863C-466B-90E9-F792FC9D4238}.Debug|x64.ActiveCfg = Debug|x64
		{9470D7F4-863C-466B-90E9-F792FC9D4238}.Debug|x64.Build.0 = Debug|x64
		{9470D7F4-863C-466B-90E9-F792FC9D4238}.Debug|x86.ActiveCfg = Debug|Win32
		{9470D7F4-863C-466B-90E9-F792FC9D4238}.Debug|x86.Build.0 = Debug|Win32
		{9470D7F4-863C-466B-90E9-F792FC9D4238}.Release|x64.ActiveCfg = Release|x64
		{9470D7F4-863C-466B-90E9-F792FC9D4238}.Release|x64.Build.0 = Release|x64
		{9470D7F4-863C-466B-90E9-F792FC9D4238}.Release|x86.ActiveCfg = Release|Win32
		{9470D7F4-863C-466B-90E9-F792FC9D4238}.Release|x86.Build.0 = Release|Win32
		{6FCED83E-6D3B-497F-A027-59D0C8251949}.Debug|x64.ActiveCfg = Debug|x64
		{6FCED83E-6D3B-497F-A027-59D0C8251949}.Debug|x64.Build.0 = Debug|x64
		{6FCED83E-6D3B-497F-A027-59D0C8251949}.Debug|x86.ActiveCfg = Debug|Win32
		{6FCED83E-6D3B-497F-A027-59D0C8251949}.Debug|x86.Build.0 = Debug|Win32
		{6FCED83E-6D3B-497F-A027-59D0C8251949}.Release|x64.ActiveCfg = Release|x64
		{6FCED83E-6D3B-497F-A027-59D0C8251949}.Release|x64.Build.0 = Release|x64
		{6FCED83E-6D3B-497F-A027-59D0C8251949}.Release|x86.ActiveCfg = Release|Win32
		{6FCED83E-6D3B-497F-A027-59D0C8251949}.Release|x86.Build.0 = Release|Win32
		{0706D5EB-6418-408D-80F2-3B820174B3AB}.Debug|x64.ActiveCfg = Debug|x64
		{0706D5EB-6418-408D-80F2-3B820174B3AB}.Debug|x64.Build.0 = Debug|x64
		{0706D5EB-6418-408D-80F2-3B820174B3AB}.Debug|x86.ActiveCfg = Debug|Win32
		{0706D5EB-6418-408D-80F2-3B820174B3AB}.Debug|x86.Build.0 = Debug|Win32
		{0706D5EB-6418-408D-80F2-3B820174B3AB}.Release|x64.ActiveCfg = Release|x64
		{0706D5EB-6418-408D-80F2-3B820174B3AB}.Release|x64.Build.0 = Release|x64
		{0706D5EB-6418-408D-80F2-3B820174B3AB}.Release|x86.ActiveCfg = Release|Win32
		{0706D5EB-6418-408D-80F2-3B820174B3AB}.Release|x86.Build.0 = Release|Win32
		{9BEA0C93-752F-4695-A2F3-AA0EBD6014A5}.Debug|x64.ActiveCfg = Debug|x64
		{9BEA0C93-752F-4695-A2F3-AA0EBD6014A5}.Debug|x64.Build.0 = Debug|x64
		{9BEA0C93-752F-4695-A2F3-AA0EBD6014A5}.Debug|x86.ActiveCfg = Debug|Win32
		{9BEA0C93-752F-4695-A2F3-AA0EBD6014A5}.Debug|x86.Build.0 = Debug|Win32
		{9BEA0C93-752F-4695-A2F3-AA0EBD6014A5}.Release|x64.ActiveCfg = Release|x64
		{9BEA0C93-752F-4695-A2F3-AA0EBD6014A5}.Release|x64.Build.0 = Release|x64
		{9BEA0C93-752F-4695-A2F3-AA0EBD6014A5}.Release|x86.ActiveCfg = Release|Win32
		{9BEA0C93-752F-4695-A2F3-AA0EBD6014A5}.Release|x86.Build.0 = Release|Win32
		{FC7E2436-1F28-456F-AA3B-0496B6972F04}.Debug|x64.ActiveCfg = Debug|x64
		{FC7E2436-1F28-456F-AA3B-0496B6972F04}.Debug|x64.Build.0 = Debug|x64
		{FC7E2436-1F28-456F-AA3B-0496B6972F04}.Debug|x86.ActiveCfg = Debug|Win32
		{FC7E2436-1F28-456F-AA3B-0496B6972F04}.Debug|x86.Build.0 = Debug|Win32
		{FC7E2436-1F28-456F-AA3B-0496B6972F04}.Release|x64.ActiveCfg = Release|x64
		{FC7E2436-1F28-456F-AA3B-0496B6972F04}.Release|x64.Build.0 = Release|x64
		{FC7E2436-1F28-456F-AA3B-0496B6972F04}.Release|x86.ActiveCfg = Release|Win32
		{FC7E2436-1F28-456F-AA3B-0496B6972F04}.Release|x86.Build.0 = Release|Win32
		{CDCE0565-8027-4E04-B967-827D61F93329}.Debug|x64.ActiveCfg = Debug|x64
		{CDCE0565-8027-4E04-B967-827D61F93329}.Debug|x64.Build.0 = Debug|x64
		{CDCE0565-8027-4E04-B967-827D61F93329}.Debug|x86.ActiveCfg = Debug|Win32
		{CDCE0565-8027-4E04-B967-827D61F93329}.Debug|x86.Build.0 = Debug|Win32
		{CDCE0565-8027-4E04-B967-827D61F93329}.Release|x64.ActiveCfg = Release|x64
		{CDCE0565-8027-4E04-B967-827D61F93329}.Release|x64.Build.0 = Release|x64
		{CDCE0565-8027-4E04-B967-827D61F93329}.Release|x86.ActiveCfg = Release|Win32
		{CDCE0565-8027-4E04-B967-827D61F93329}.Release|x86.Build.0 = Release|Win32
		{FE420773-AE50-4066-88A1-BFF47BB667ED}.Debug|x64.ActiveCfg = Debug|x64
		{FE420773-AE50-4066-88A1-BFF47BB667ED}.Debug|x64.Build.0 = Debug|x64
		{FE420773-AE50-4066-88A1-BFF47BB667ED}.Debug|x86.ActiveCfg = Debug|Win32
		{FE420773-AE50-4066-88A1-BFF47BB667ED}.Debug|x86.Build.0 = Debug|Win32
		{FE420773-AE50-4066-88A1-BFF47BB667ED}.Release|x64.ActiveCfg = Release|x64
		{FE420773-AE50-4066-88A1-BFF47BB667ED}.Release|x64.Build.0 = Release|x64
		{FE420773-AE50-4066-88A1-BFF47BB667ED}.Release|x86.ActiveCfg = Release|Win32
		{FE420773-AE50-4066-88A1-BFF47BB667ED}.Release|x86.Build.0 = Release|Win32
		{6437E14F-EB74-44CA-ABC8-C6E534DFE2BA}.Debug|x64.ActiveCfg = Debug|x64
		{6437E14F-EB74-44CA-ABC8-C6E534DFE2BA}.Debug|x64.Build.0 = Debug|x64
		{6437E14F-EB74-44CA-ABC8-C6E534DFE2BA}.Debug|x86.ActiveCfg = Debug|Win32
		{6437E14F-EB74-44CA-ABC8-C6E534DFE2BA}.Debug|x86.Build.0 = Debug|Win32
		{6437E14F-EB74-44CA-ABC8-C6E534DFE2BA}.Release|x64.ActiveCfg = Release|x64
		{6437E14F-EB74-44CA-ABC8-C6E534DFE2BA}.Release|x64.Build.0 = Release|x64
		{6437E14F-EB74-44CA-ABC8-C6E534DFE2BA}.Release|x86.ActiveCfg = Release|Win32
		{6437E14F-EB74-44CA-ABC8-C6E534DFE2BA}.Release|x86.Build.0 = Release|Win32
		{B807892B-029C-4379-AC1E-724D0934C189}.Debug|x64.ActiveCfg = Debug|x64
		{B807892B-029C-4379-AC1E-724D0934C189}.Debug|x64.Build.0 = Debug|x64
		{B807892B-029C-4379-AC1E-724D0934C189}.Debug|x86.ActiveCfg = Debug|Win32
		{B807892B-029C-4379-AC1E-724D0934C189}.Debug|x86.Build.0 = Debug|Win32
		{B807892B-029C-4379-AC1E-724D0934C189}.Release|x64.ActiveCfg = Release|x64
		{B807892B-029C-4379-AC1E-724D0934C189}.Release|x64.Build.0 = Release|x64
		{B807892B-029C-4379-AC1E-724D0934C189}.Release|x86.ActiveCfg = Release|Win32
		{B807892B-029C-4379-AC1E-724D0934C189}.Release|x86.Build.0 = Release|Win32
		{848DB777-284F-4ACA-AB21-2F28E53A9118}.Debug|x64.ActiveCfg = Debug|x64
		{848DB777-284F-4ACA-AB21-2F28E53A9118}.Debug|x64.Build.0 = Debug|x64
		{848DB777-284F-4ACA-AB21-2F28E53A9118}.Debug|x86.ActiveCfg = Debug|Win32
		{848DB777-284F-4ACA-AB21-2F28E53A9118}.Debug|x86.Build.0 = Debug|Win32
		{848DB777-284F-4ACA-AB21-2F28E53A9118}.Release|x64.ActiveCfg = Release|x64
		{848DB777-284F-4ACA-AB21-2F28E53A9118}.Release|x64.Build.0 = Release|x64
		{848DB777-284F-4ACA-AB21-2F28E53A9118}.Release|x86.ActiveCfg = Release|Win32
		{848DB777-284F-4ACA-AB21-2F28E53A9118}.Release|x86.Build.0 = Release|Win32
		{45F93D4A-A386-4E75-81D6-C63AAB248DE2}.Debug|x64.ActiveCfg = Debug|x64
		{45F93D4A-A386-4E75-81D6-C63AAB248DE2}.Debug|x64.Build.0 = Debug|x64
		{45F93D4A-A386-4E75-81D6-C63AAB248DE2}.Debug|x86.ActiveCfg = Debug|Win32
		{45F93D4A-A386-4E75-81D6-C63AAB248DE2}.Debug|x86.Build.0 = Debug|Win32
		{45F93D4A-A386-4E75-81D6-C63AAB248DE2}.Release|x64.ActiveCfg = Release|x64
		{45F93D4A-A386-4E75-81D6-C63AAB248DE2}.Release|x64.Build.0 = Release|x64
		{45F93D4A-A386-4E75-81D6-C63AAB248DE2}.Release|x86.ActiveCfg = Release|Win32
		{45F93D4A-A386-4E75-81D6-C63AAB248DE2}.Release|x86.Build.0 = Release|Win32
		{490A2214-FF67-47B5-83DE-2BC12F90C18E}.Debug|x64.ActiveCfg = Debug|x64
		{490A2214-FF67-47B5-83DE-2BC12F90C18E}.Debug|x64.Build.0 = Debug|x64
		{490A2214-FF67-47B5-83DE-2BC12F90C18E}.Debug|x86.ActiveCfg = Debug|Win32
		{490A2214-FF67-47B5-83DE-2BC12F90C18E}.Debug|x86.Build.0 = Debug|Win32
		{490A2214-FF67-47B5-83DE-2BC12F90C18E}.Release|x64.ActiveCfg = Release|x64
		{490A2214-FF67-47B5-83DE-2BC12F90C18E}.Release|x64.Build.0 = Release|x64
		{490A2214-FF67-47B5-83DE-2BC12F90C18E}.Release|x86.ActiveCfg = Release|Win32
		{490A2214-FF67-47B5-83DE-2BC12F90C18E}.Release|x86.Build.0 = Release|Win32
		{B2DFDBBD-5764-47C4-962D-A4B918E8C825}.Debug|x64.ActiveCfg = Debug|x64
		{B2DFDBBD-5764-47C4-962D-A4B918E8C825}.Debug|x64.Build.0 = Debug|x64
		{B2DFDBBD-5764-47C4-962D-A4B918E8C825}.Debug|x86.ActiveCfg = Debug|Win32
		{B2DFDBBD-5764-47C4-962D-A4B918E8C825}.Debug|x86.Build.0 = Debug|Win32
		{B2DFDBBD-5764-47C4-962D-A4B918E8C825}.Release|x64.ActiveCfg = Release|x64
		{B2DFDBBD-5764-47C4-962D-A4B918E8C825}.Release|x64.Build.0 = Release|x64
		{B2DFDBBD-5764-47C4-962D-A4B918E8C825}.Release|x86.ActiveCfg = Release|Win32
		{B2DFDBBD-5764-47C4-962D-A4B918E8C825}.Release|x86.Build.0 = Release|Win32
		{639F2ECE-020A-4473-AD6A-1CB24CDC12D7}.Debug|x64.ActiveCfg = Debug|x64
		{639F2ECE-020A-4473-AD6A-1CB24CDC12D7}.Debug|x64.Build.0 = Debug|x64
		{639F2ECE-020A-4473-AD6A-1CB24CDC12D7}.Debug|x86.ActiveCfg = Debug|Win32
		{639F2ECE-020A-4473-AD6A-1CB24CDC12D7}.Debug|x86.Build.0 = Debug|Win32
		{639F2ECE-020A-4473-AD6A-1CB24CDC12D7}.Release|x64.ActiveCfg = Release|x64
		{639F2ECE-020A-4473-AD6A-1CB24CDC12D7}.Release|x64.Build.0 = Release|x64
		{639F2ECE-020A-4473-AD6A-1CB24CDC12D7}.Release|x86.ActiveCfg = Release|Win32
		{639F2ECE-020A-4473-AD6A-1CB24CDC12D7}.Release|x86.Build.0 = Release|Win32
		{378DE1FD-0810-4CB3-B008-A602EFE4D8F4}.Debug|x64.ActiveCfg = Debug|x64
		{378DE1FD-0810-4CB3-B008-A602EFE4D8F4}.Debug|x64.Build.0 = Debug|x64
		{378DE1FD-0810-4CB3-B008-A602EFE4D8F4}.Debug|x86.ActiveCfg = Debug|Win32
		{378DE1FD-0810-4CB3-B008-A602EFE4D8F4}.Debug|x86.Build.0 = Debug|Win32
		{378DE1FD-0810-4CB3-B008-A602EFE4D8F4}.Release|x64.ActiveCfg = Release|x64
		{378DE1FD-0810-4CB3-B008-A602EFE4D8F4}.Release|x64.Build.0 = Release|x64
		{378DE1FD-0810-4CB3-B008-A602EFE4D8F4}.Release|x86.ActiveCfg = Release|Win32
		{378DE1FD-0810-4CB3-B008-A602EFE4D8F4}.Release|x86.Build.0 = Release|Win32
		{9E0A0192-969B-441A-81BD-74BCCAB41D9E}.Debug|x64.ActiveCfg = Debug|x64
		{9E0A0192-969B-441A-81BD-74BCCAB41D9E}.Debug|x64.Build.0 = Debug|x64
		{9E0A0192-969B-441A-81BD-74BCCAB41D9E}.Debug|x86.ActiveCfg = Debug|Win32
		{9E0A0192-969B-441A-81BD-74BCCAB41D9E}.Debug|x86.Build.0 = Debug|Win32
		{9E0A0192-969B-441A-81BD-74BCCAB41D9E}.Release|x64.ActiveCfg = Release|x64
		{9E0A0192-969B-441A-81BD-74BCCAB41D9E}.Release|x64.Build.0 = Release|x64
		{9E0A0192-969B-441A-81BD-74BCCAB41D9E}.Release|x86.ActiveCfg = Release|Win32
		{9E0A0192-969B-441A-81BD-74BCCAB41D9E}.Release|x86.Build.0 = Release|Win32
		{2766DBB0-FFC6-495E-8D1C-FB378E29B64C}.Debug|x64.ActiveCfg = Debug|x64
		{2766DBB0-FFC6-495E-8D1C-FB378E29B64C}.Debug|x64.Build.0 = Debug|x64
		{2766DBB0-FFC6-495E-8D1C-FB378E29B64C}.Debug|x86.ActiveCfg = Debug|Win32
		{2766DBB0-FFC6-495E-8D1C-FB378E29B64C}.Debug|x86.Build.0 = Debug|Win32
		{2766DBB0-FFC6-495E-8D1C-FB378E29B64C}.Release|x64.ActiveCfg = Release|x64
		{2766DBB0-FFC6-495E-8D1C-FB378E29B64C}.Release|x64.Build.0 = Release|x64
		{2766DBB0-FFC6-495E-8D1C-FB378E29B64C}.Release|x86.ActiveCfg = Release|Win32
		{2766DBB0-FFC6-495E-8D1C-FB378E29B64C}.Release|x86.Build.0 = Release|Win32
		{3746CC06-8674-447F-B868-721B8D6CD88D}.Debug|x64.ActiveCfg = Debug|x64
		{3746CC06-8674-447F-B868-721B8D6CD88D}.Debug|x64.Build.0 = Debug|x64
		{3746CC06-8674-447F-B868-721B8D6CD88D}.Debug|x86.ActiveCfg = Debug|Win32
		{3746CC06-8674-447F-B868-721B8D6CD88D}.Debug|x86.Build.0 = Debug|Win32
		{3746CC06-8674-447F-B868-721B8D6CD88D}.Release|x64.ActiveCfg = Release|x64
		{3746CC06-8674-447F-B868-721B8D6CD88D}.Release|x64.Build.0 = Release|x64
		{3746CC06-8674-447F-B868-721B8D6CD88D}.Release|x86.ActiveCfg = Release|Win32
		{3746CC06-8674-447F-B868-721B8D6CD88D}.Release|x86.Build.0 = Release|Win32
		{484A0B45-AB54-435D-A294-E4483D1B2023}.Debug|x64.ActiveCfg = Debug|x64
		{484A0B45-AB54-435D-A294-E4483D1B2023}.Debug|x64.Build.0 = Debug|x64
		{484A0B45-AB54-435D-A294-E4483D1B2023}.Debug|x86.ActiveCfg = Debug|Win32
		{484A0B45-AB54-435D-A294-E4483D1B2023}.Debug|x86.Build.0 = Debug|Win32
		{484A0B45-AB54-435D-A294-E4483D1B2023}.Release|x64.ActiveCfg = Release|x64
		{484A0B45-AB54-435D-A294-E4483D1B2023}.Release|x64.Build.0 = Release|x64
		{484A0B45-AB54-435D-A294-E4483D1B2023}.Release|x86.ActiveCfg = Release|Win32
		{484A0B45-AB54-435D-A294-E4483D1B2023}.Release|x86.Build.0 = Release|Win32
		{59E6F0CA-BA2D-4607-B28B-16B62888AFA4}.Debug|x64.ActiveCfg = Debug|x64
		{59E6F0CA-BA2D-4607-B28B-16B62888AFA4}.Debug|x64.Build.0 = Debug|x64
		{59E6F0CA-BA2D-4607-B28B-16B62888AFA4}.Debug|x86.ActiveCfg = Debug|Win32
		{59E6F0CA-BA2D-4607-B28B-16B62888AFA4}.Debug|x86.Build.0 = Debug|Win32
		{59E6F0CA-BA2D-4607-B28B-16B62888AFA4}.Release|x64.ActiveCfg = Release|x64
		{59E6F0CA-BA2D-4607-B28B-16B62888AFA4}.Release|x64.Build.0 = Release|x64
		{59E6F0CA-BA2D-4607-B28B-16B62888AFA4}.Release|x86.ActiveCfg = Release|Win32
		{59E6F0CA-BA2D-4607-B28B-16B62888AFA4}.Release|x86.Build.0 = Release|Win32
		{BB98E101-B7E9-459C-A9D7-EA158B7EAD77}.Debug|x64.ActiveCfg = Debug|x64
		{BB98E101-B7E9-459C-A9D7-EA158B7EAD77}.Debug|x64.Build.0 = Debug|x64
		{BB98E101-B7E9-459C-A9D7-EA158B7EAD77}.Debug|x86.ActiveCfg = Debug|Win32
		{BB98E101-B7E9-459C-A9D7-EA158B7EAD77}.Debug|x86.Build.0 = Debug|Win32
		{BB98E101-B7E9-459C-A9D7-EA158B7EAD77}.Release|x64.ActiveCfg = Release|x64
		{BB98E101-B7E9-459C-A9D7-EA158B7EAD77}.Release|x64.Build.0 = Release|x64
		{BB98E101-B7E9-459C-A9D7-EA158B7EAD77}.Release|x86.ActiveCfg = Release|Win32
		{BB98E101-B7E9-459C-A9D7-EA158B7EAD77}.Release|x86.Build.0 = Release|Win32
		{5D7B2597-EC5C-4F08-8866-4D04FC3D9393}.Debug|x64.ActiveCfg = Debug|x64
		{5D7B2597-EC5C-4F08-8866-4D04FC3D9393}.Debug|x64.Build.0 = Debug|x64
		{5D7B2597-EC5C-4F08-8866-4D04FC3D9393}.Debug|x86.ActiveCfg = Debug|Win32
		{5D7B2597-EC5C-4F08-8866-4D04FC3D9393}.Debug|x86.Build.0 = Debug|Win32
		{5D7B2597-EC5C-4F08-8866-4D04FC3D9393}.Release|x64.ActiveCfg = Release|x64
		{5D7B2597-EC5C-4F08-8866-4D04FC3D9393}.Release|x64.Build.0 = Release|x64
		{5D7B2597-EC5C-4F08-8866-4D04FC3D9393}.Release|x86.ActiveCfg = Release|Win32
		{5D7B2597-EC5C-4F08-8866-4D04FC3D9393}.Release|x86.Build.0 = Release|Win32
		{E057A0CD-59BF-4BE7-8376-4AD2DEF9E507}.Debug|x64.ActiveCfg = Debug|x64
		{E057A0CD-59BF-4BE7-8376-4AD2DEF9E507}.Debug|x64.Build.0 = Debug|x64
		{E057A0CD-59BF-4BE7-8376-4AD2DEF9E507}.Debug|x86.ActiveCfg = Debug|Win32
		{E057A0CD-59BF-4BE7-8376-4AD2DEF9E507}.Debug|x86.Build.0 = Debug|Win32
		{E057A0CD-59BF-4BE7-8376-4AD2DEF9E507}.Release|x64.ActiveCfg = Release|x64
		{E057A0CD-59BF-4BE7-8376-4AD2DEF9E507}.Release|x64.Build.0 = Release|x64
		{E057A0CD-59BF-4BE7-8376-4AD2DEF9E507}.Release|x86.ActiveCfg = Release|Win32
		{E057A0CD-59BF-4BE7-8376-4AD2DEF9E507}.Release|x86.Build.0 = Release|Win32
		{0F9600F6-0E10-4B5C-BBDB-3C2F9F224D81}.Debug|x64.ActiveCfg = Debug|x64
		{0F9600F6-0E10-4B5C-BBDB-3C2F9F224D81}.Debug|x64.Build.0 = Debug|x64
		{0F9600F6-0E10-4B5C-BBDB-3C2F9F224D81}.Debug|x86.ActiveCfg = Debug|Win32
		{0F9600F6-0E10-4B5C-BBDB-3C2F9F224D81}.Debug|x86.Build.0 = Debug|Win32
		{0F9600F6-0E10-4B5C-BBDB-3C2F9F224D81}.Release|x64.ActiveCfg = Release|x64
		{0F9600F6-0E10-4B5C-BBDB-3C2F9F224D81}.Release|x64.Build.0 = Release|x64
		{0F9600F6-0E10-4B5C-BBDB-3C2F9F224D81}.Release|x86.ActiveCfg = Release|Win32
		{0F9600F6-0E10-4B5C-BBDB-3C2F9F224D81}.Release|x86.Build.0 = Release|Win32
		{35274810-60DC-4C95-A906-4621835BD608}.Debug|x64.ActiveCfg = Debug|x64
		{35274810-60DC-4C95-A906-4621835BD608}.Debug|x64.Build.0 = Debug|x64
		{35274810-60DC-4C95-A906-4621835BD608}.Debug|x86.ActiveCfg = Debug|Win32
		{35274810-60DC-4C95-A906-4621835BD608}.Debug|x86.Build.0 = Debug|Win32
		{35274810-60DC-4C95-A906-4621835BD608}.Release|x64.ActiveCfg = Release|x64
		{35274810-60DC-4C95-A906-4621835BD608}.Release|x64.Build.0 = Release|x64
		{35274810-60DC-4C95-A906-4621835BD608}.Release|x86.ActiveCfg = Release|Win32
		{35274810-60DC-4C95-A906-4621835BD608}.Release|x86.Build.0 = Release|Win32
		{A0162B8F-9ED9-445C-923D-596294C44B81}.Debug|x64.ActiveCfg = Debug|x64
		{A0162B8F-9ED9-445C-923D-596294C44B81}.Debug|x64.Build.0 = Debug|x64
		{A0162B8F-9ED9-445C-923D-596294C44B81}.Debug|x86.ActiveCfg = Debug|Win32
		{A0162B8F-9ED9-445C-923D-596294C44B81}.Debug|x86.Build.0 = Debug|Win32
		{A0162B8F-9ED9-445C-923D-596294C44B81}.Release|x64.ActiveCfg = Release|x64
		{A0162B8F-9ED9-445C-923D-596294C44B81}.Release|x64.Build.0 = Release|x64
		{A0162B8F-9ED9-445C-923D-596294C44B81}.Release|x86.ActiveCfg = Release|Win32
		{A0162B8F-9ED9-445C-923D-596294C44B81}.Release|x86.Build.0 = Release|Win32
		{257D505F-CE50-458A-9EA0-DA850C6CC4B3}.Debug|x64.ActiveCfg = Debug|x64
		{257D505F-CE50-458A-9EA0-DA850C6CC4B3}.Debug|x64.Build.0 = Debug|x64
		{257D505F-CE50-458A-9EA0-DA850C6CC4B3}.Debug|x86.ActiveCfg = Debug|Win32
		{257D505F-CE50-458A-9EA0-DA850C6CC4B3}.Debug|x86.Build.0 = Debug|Win32
		{257D505F-CE50-458A-9EA0-DA850C6CC4B3}.Release|x64.ActiveCfg = Release|x64
		{257D505F-CE50-458A-9EA0-DA850C6CC4B3}.Release|x64.Build.0 = Release|x64
		{257D505F-CE50-458A-9EA0-DA850C6CC4B3}.Release|x86.ActiveCfg = Release|Win32
		{257D505F-CE50-458A-9EA0-DA850C6CC4B3}.Release|x86.Build.0 = Release|Win32
		{D7EA6A8E-7A57-4B9B-9A3A-1676B883F15B}.Debug|x64.ActiveCfg = Debug|x64
		{D7EA6A8E-7A57-4B9B-9A3A-1676B883F15B}.Debug|x64.Build.0 = Debug|x64
		{D7EA6A8E-7A57-4B9B-9A3A-1676B883F15B}.Debug|x86.ActiveCfg = Debug|Win32
		{D7EA6A8E-7A57-4B9B-9A3A-1676B883F15B}.Debug|x86.Build.0 = Debug|Win32
		{D7EA6A8E-7A57-4B9B-9A3A-1676B883F15B}.Release|x64.ActiveCfg = Release|x64
		{D7EA6A8E-7A57-4B9B-9A3A-1676B883F15B}.Release|x64.Build.0 = Release|x64
		{D7EA6A8E-7A57-4B9B-9A3A-1676B883F15B}.Release|x86.ActiveCfg = Release|Win32
		{D7EA6A8E-7A57-4B9B-9A3A-1676B883F15B}.Release|x86.Build.0 = Release|Win32
		{945DF0AA-BB0C-45EF-A6A3-9B0472600946}.Debug|x64.ActiveCfg = Debug|x64
		{945DF0AA-BB0C-45EF-A6A3-9B0472600946}.Debug|x64.Build.0 = Debug|x64
		{945DF0AA-BB0C-45EF-A6A3-9B0472600946}.Debug|x86.ActiveCfg = Debug|Win32
		{945DF0AA-BB0C-45EF-A6A3-9B0472600946}.Debug|x86.Build.0 = Debug|Win32
		{945DF0AA-BB0C-45EF-A6A3-9B0472600946}.Release|x64.ActiveCfg = Release|x64
		{945DF0AA-BB0C-45EF-A6A3-9B0472600946}.Release|x64.Build.0 = Release|x64
		{945DF0AA-BB0C-45EF-A6A3-9B0472600946}.Release|x86.ActiveCfg = Release|Win32
		{945DF0AA-BB0C-45EF-A6A3-9B0472600946}.Release|x86.Build.0 = Release|Win32
		{EE1A6455-65F3-40D8-811C-744AE3CD66B3}.Debug|x64.ActiveCfg = Debug|x64
		{EE1A6455-65F3-40D8-811C-744AE3CD66B3}.Debug|x64.Build.0 = Debug|x64
		{EE1A6455-65F3-40D8-811C-744AE3CD66B3}.Debug|x86.ActiveCfg = Debug|Win32
		{EE1A6455-65F3-40D8-811C-744AE3CD66B3}.Debug|x86.Build.0 = Debug|Win32
		{EE1A6455-65F3-40D8-811C-744AE3CD66B3}.Release|x64.ActiveCfg = Release|x64
		{EE1A6455-65F3-40D8-811C-744AE3CD66B3}.Release|x64.Build.0 = Release|x64
		{EE1A6455-65F3-40D8-811C-744AE3CD66B3}.Release|x86.ActiveCfg = Release|Win32
		{EE1A6455-65F3-40D8-811C-744AE3CD66B3}.Release|x86.Build.0 = Release|Win32
		{7DB997B2-F863-4FC7-87C6-224C22D70308}.Debug|x64.ActiveCfg = Debug|x64
		{7DB997B2-F863-4FC7-87C6-224C22D70308}.Debug|x64.Build.0 = Debug|x64
		{7DB997B2-F863-4FC7-87C6-224C22D70308}.Debug|x86.ActiveCfg = Debug|Win32
		{7DB997B2-F863-4FC7-87C6-224C22D70308}.Debug|x86.Build.0 = Debug|Win32
		{7DB997B2-F863-4FC7-87C6-224C22D70308}.Release|x64.ActiveCfg = Release|x64
		{7DB997B2-F863-4FC7-87C6-224C22D70308}.Release|x64.Build.0 = Release|x64
		{7DB997B2-F863-4FC7-87C6-224C22D70308}.Release|x86.ActiveCfg = Release|Win32
		{7DB997B2-F863-4FC7-87C6-224C22D70308}.Release|x86.Build.0 = Release|Win32
		{CE3CAEDA-56DA-40B5-906C-364AF0A5482E}.Debug|x64.ActiveCfg = Debug|x64
		{CE3CAEDA-56DA-40B5-906C-364AF0A5482E}.Debug|x64.Build.0 = Debug|x64
		{CE3CAEDA-56DA-40B5-906C-364AF0A5482E}.Debug|x86.ActiveCfg = Debug|Win32
		{CE3CAEDA-56DA-40B5-906C-364AF0A5482E}.Debug|x86.Build.0 = Debug|Win32
		{CE3CAEDA-56DA-40B5-906C-364AF0A5482E}.Release|x64.ActiveCfg = Release|x64
		{CE3CAEDA-56DA-40B5-906C-364AF0A5482E}.Release|x64.Build.0 = Release|x64
		{CE3CAEDA-56DA-40B5-906C-364AF0A5482E}.Release|x86.ActiveCfg = Release|Win32
		{CE3CAEDA-56DA-40B5-906C-364AF0A5482E}.Release|x86.Build.0 = Release|Win32
		{EB8DA762-F8B3-4ABC-BD67-81B47547800F}.Debug|x64.ActiveCfg = Debug|x64
		{EB8DA762-F8B3-4ABC-BD67-81B47547800F}.Debug|x64.Build.0 = Debug|x64
		{EB8DA762-F8B3-4ABC-BD67-81B47547800F}.Debug|x86.ActiveCfg = Debug|Win32
		{EB8DA762-F8B3-4ABC-BD67-81B47547800F}.Debug|x86.Build.0 = Debug|Win32
		{EB8DA762-F8B3-4ABC-BD67-81B47547800F}.Release|x64.ActiveCfg = Release|x64
		{EB8DA762-F8B3-4ABC-BD67-81B47547800F}.Release|x64.Build.0 = Release|x64
		{EB8DA762-F8B3-4ABC-BD67-81B47547800F}.Release|x86.ActiveCfg = Release|Win32
		{EB8DA762-F8B3-4ABC-BD67-81B47547800F}.Release|x86.Build.0 = Release|Win32
		{7FD105D4-30E7-4736-92D6-CFFC22A3DD4E}.Debug|x64.ActiveCfg = Debug|x64
		{7FD105D4-30E7-4736-92D6-CFFC22A3DD4E}.Debug|x64.Build.0 = Debug|x64
		{7FD105D4-30E7-4736-92D6-CFFC22A3DD4E}.Debug|x86.ActiveCfg = Debug|Win32
		{7FD105D4-30E7-4736-92D6-CFFC22A3DD4E}.Debug|x86.Build.0 = Debug|Win32
		{7FD105D4-30E7-4736-92D6-CFFC22A3DD4E}.Release|x64.ActiveCfg = Release|x64
		{7FD105D4-30E7-4736-92D6-CFFC22A3DD4E}.Release|x64.Build.0 = Release|x64
		{7FD105D4-30E7-4736-92D6-CFFC22A3DD4E}.Release|x86.ActiveCfg = Release|Win32
		{7FD105D4-30E7-4736-92D6-CFFC22A3DD4E}.Release|x86.Build.0 = Release|Win32
	EndGlobalSection
	GlobalSection(SolutionProperties) = preSolution
		HideSolutionNode = FALSE
	EndGlobalSection
	GlobalSection(ExtensibilityGlobals) = postSolution
		SolutionGuid = {793B0991-A037-473A-B795-67E9B29D3A24}
	EndGlobalSection
EndGlobal
